
Microsoft Visual Studio Solution File, Format Version 12.00
# Visual Studio Version 16
VisualStudioVersion = 16.0.32802.440
MinimumVisualStudioVersion = 10.0.40219.1
Project("{FAE04EC0-301F-11D3-BF4B-00C04F79EFBC}") = "CoustomAnalyzer", "CoustomAnalyzer\CoustomAnalyzer\CoustomAnalyzer.csproj", "{566F4BA5-ECD0-4BC4-ACF7-E06481CD615B}"
EndProject
Project("{FAE04EC0-301F-11D3-BF4B-00C04F79EFBC}") = "CoustomAnalyzer.CodeFixes", "CoustomAnalyzer\CoustomAnalyzer.CodeFixes\CoustomAnalyzer.CodeFixes.csproj", "{D1754C3D-5396-4E2B-ABC3-56C9998FBBDB}"
EndProject
Project("{FAE04EC0-301F-11D3-BF4B-00C04F79EFBC}") = "CoustomAnalyzer.Package", "CoustomAnalyzer\CoustomAnalyzer.Package\CoustomAnalyzer.Package.csproj", "{0B96FC03-E9E8-4E30-8235-0E9A42FFD37E}"
EndProject
Project("{FAE04EC0-301F-11D3-BF4B-00C04F79EFBC}") = "CoustomAnalyzer.Test", "CoustomAnalyzer\CoustomAnalyzer.Test\CoustomAnalyzer.Test.csproj", "{B59D5C84-82E0-47BC-A117-E84F03F4F01A}"
EndProject
Project("{FAE04EC0-301F-11D3-BF4B-00C04F79EFBC}") = "CoustomAnalyzer.Vsix", "CoustomAnalyzer\CoustomAnalyzer.Vsix\CoustomAnalyzer.Vsix.csproj", "{54DF9037-D7E2-4633-A94C-F735D64764E5}"
EndProject
Global
	GlobalSection(SolutionConfigurationPlatforms) = preSolution
		Debug|Any CPU = Debug|Any CPU
		Release|Any CPU = Release|Any CPU
	EndGlobalSection
	GlobalSection(ProjectConfigurationPlatforms) = postSolution
		{566F4BA5-ECD0-4BC4-ACF7-E06481CD615B}.Debug|Any CPU.ActiveCfg = Debug|Any CPU
		{566F4BA5-ECD0-4BC4-ACF7-E06481CD615B}.Debug|Any CPU.Build.0 = Debug|Any CPU
		{566F4BA5-ECD0-4BC4-ACF7-E06481CD615B}.Release|Any CPU.ActiveCfg = Release|Any CPU
		{566F4BA5-ECD0-4BC4-ACF7-E06481CD615B}.Release|Any CPU.Build.0 = Release|Any CPU
		{D1754C3D-5396-4E2B-ABC3-56C9998FBBDB}.Debug|Any CPU.ActiveCfg = Debug|Any CPU
		{D1754C3D-5396-4E2B-ABC3-56C9998FBBDB}.Debug|Any CPU.Build.0 = Debug|Any CPU
		{D1754C3D-5396-4E2B-ABC3-56C9998FBBDB}.Release|Any CPU.ActiveCfg = Release|Any CPU
		{D1754C3D-5396-4E2B-ABC3-56C9998FBBDB}.Release|Any CPU.Build.0 = Release|Any CPU
		{0B96FC03-E9E8-4E30-8235-0E9A42FFD37E}.Debug|Any CPU.ActiveCfg = Debug|Any CPU
		{0B96FC03-E9E8-4E30-8235-0E9A42FFD37E}.Debug|Any CPU.Build.0 = Debug|Any CPU
		{0B96FC03-E9E8-4E30-8235-0E9A42FFD37E}.Release|Any CPU.ActiveCfg = Release|Any CPU
		{0B96FC03-E9E8-4E30-8235-0E9A42FFD37E}.Release|Any CPU.Build.0 = Release|Any CPU
		{B59D5C84-82E0-47BC-A117-E84F03F4F01A}.Debug|Any CPU.ActiveCfg = Debug|Any CPU
		{B59D5C84-82E0-47BC-A117-E84F03F4F01A}.Debug|Any CPU.Build.0 = Debug|Any CPU
		{B59D5C84-82E0-47BC-A117-E84F03F4F01A}.Release|Any CPU.ActiveCfg = Release|Any CPU
		{B59D5C84-82E0-47BC-A117-E84F03F4F01A}.Release|Any CPU.Build.0 = Release|Any CPU
		{54DF9037-D7E2-4633-A94C-F735D64764E5}.Debug|Any CPU.ActiveCfg = Debug|Any CPU
		{54DF9037-D7E2-4633-A94C-F735D64764E5}.Debug|Any CPU.Build.0 = Debug|Any CPU
		{54DF9037-D7E2-4633-A94C-F735D64764E5}.Release|Any CPU.ActiveCfg = Release|Any CPU
		{54DF9037-D7E2-4633-A94C-F735D64764E5}.Release|Any CPU.Build.0 = Release|Any CPU
	EndGlobalSection
	GlobalSection(SolutionProperties) = preSolution
		HideSolutionNode = FALSE
	EndGlobalSection
	GlobalSection(ExtensibilityGlobals) = postSolution
		SolutionGuid = {D0C30C30-AAE1-4FEF-BF14-4A06015193A4}
	EndGlobalSection
EndGlobal
